
Microsoft Visual Studio Solution File, Format Version 12.00
# Visual Studio Version 17
VisualStudioVersion = 17.14.36511.14
MinimumVisualStudioVersion = 10.0.40219.1
Project("{FAE04EC0-301F-11D3-BF4B-00C04F79EFBC}") = "KeinishkataKushta.Web", "KeinishkataKushta\KeinishkataKushta.Web.csproj", "{C1D2E4E0-2598-44A8-BB90-6481BF13B175}"
EndProject
Project("{FAE04EC0-301F-11D3-BF4B-00C04F79EFBC}") = "KeinishkataKushta.Data", "KeinishkataKushta.Data\KeinishkataKushta.Data.csproj", "{C5F59469-CAA8-4226-B9E6-7D12E5AAC2CF}"
EndProject
Global
	GlobalSection(SolutionConfigurationPlatforms) = preSolution
		Debug|Any CPU = Debug|Any CPU
		Release|Any CPU = Release|Any CPU
	EndGlobalSection
	GlobalSection(ProjectConfigurationPlatforms) = postSolution
		{C1D2E4E0-2598-44A8-BB90-6481BF13B175}.Debug|Any CPU.ActiveCfg = Debug|Any CPU
		{C1D2E4E0-2598-44A8-BB90-6481BF13B175}.Debug|Any CPU.Build.0 = Debug|Any CPU
		{C1D2E4E0-2598-44A8-BB90-6481BF13B175}.Release|Any CPU.ActiveCfg = Release|Any CPU
		{C1D2E4E0-2598-44A8-BB90-6481BF13B175}.Release|Any CPU.Build.0 = Release|Any CPU
		{C5F59469-CAA8-4226-B9E6-7D12E5AAC2CF}.Debug|Any CPU.ActiveCfg = Debug|Any CPU
		{C5F59469-CAA8-4226-B9E6-7D12E5AAC2CF}.Debug|Any CPU.Build.0 = Debug|Any CPU
		{C5F59469-CAA8-4226-B9E6-7D12E5AAC2CF}.Release|Any CPU.ActiveCfg = Release|Any CPU
		{C5F59469-CAA8-4226-B9E6-7D12E5AAC2CF}.Release|Any CPU.Build.0 = Release|Any CPU
	EndGlobalSection
	GlobalSection(SolutionProperties) = preSolution
		HideSolutionNode = FALSE
	EndGlobalSection
	GlobalSection(ExtensibilityGlobals) = postSolution
		SolutionGuid = {AF696ED2-C2E0-4C96-B08F-536B88884D56}
	EndGlobalSection
EndGlobal
